
Microsoft Visual Studio Solution File, Format Version 12.00
# Visual Studio Version 16
VisualStudioVersion = 16.0.31105.61
MinimumVisualStudioVersion = 10.0.40219.1
Project("{FAE04EC0-301F-11D3-BF4B-00C04F79EFBC}") = "ProxyExample", "ProxyExample\ProxyExample.csproj", "{63A0D45A-550B-4E4E-847D-AE8E643BAC83}"
EndProject
Project("{FAE04EC0-301F-11D3-BF4B-00C04F79EFBC}") = "ProxyExampleLib", "ProxyExampleLib\ProxyExampleLib.csproj", "{1CE11B6C-3453-4B46-BE69-554062221897}"
EndProject
Global
	GlobalSection(SolutionConfigurationPlatforms) = preSolution
		Debug|Any CPU = Debug|Any CPU
		Release|Any CPU = Release|Any CPU
	EndGlobalSection
	GlobalSection(ProjectConfigurationPlatforms) = postSolution
		{63A0D45A-550B-4E4E-847D-AE8E643BAC83}.Debug|Any CPU.ActiveCfg = Debug|Any CPU
		{63A0D45A-550B-4E4E-847D-AE8E643BAC83}.Debug|Any CPU.Build.0 = Debug|Any CPU
		{63A0D45A-550B-4E4E-847D-AE8E643BAC83}.Release|Any CPU.ActiveCfg = Release|Any CPU
		{63A0D45A-550B-4E4E-847D-AE8E643BAC83}.Release|Any CPU.Build.0 = Release|Any CPU
		{1CE11B6C-3453-4B46-BE69-554062221897}.Debug|Any CPU.ActiveCfg = Debug|Any CPU
		{1CE11B6C-3453-4B46-BE69-554062221897}.Debug|Any CPU.Build.0 = Debug|Any CPU
		{1CE11B6C-3453-4B46-BE69-554062221897}.Release|Any CPU.ActiveCfg = Release|Any CPU
		{1CE11B6C-3453-4B46-BE69-554062221897}.Release|Any CPU.Build.0 = Release|Any CPU
	EndGlobalSection
	GlobalSection(SolutionProperties) = preSolution
		HideSolutionNode = FALSE
	EndGlobalSection
	GlobalSection(ExtensibilityGlobals) = postSolution
		SolutionGuid = {342B0710-9470-4040-ABD1-D2538BED34DB}
	EndGlobalSection
EndGlobal
